
Microsoft Visual Studio Solution File, Format Version 12.00
# Visual Studio Version 17
VisualStudioVersion = 17.11.35327.3
MinimumVisualStudioVersion = 10.0.40219.1
Project("{FAE04EC0-301F-11D3-BF4B-00C04F79EFBC}") = "Exam 2- modul", "Exam 2- modul\Exam 2- modul.csproj", "{243EDE03-2CB9-4107-9D1B-4785E8E5CED5}"
EndProject
Global
	GlobalSection(SolutionConfigurationPlatforms) = preSolution
		Debug|Any CPU = Debug|Any CPU
		Release|Any CPU = Release|Any CPU
	EndGlobalSection
	GlobalSection(ProjectConfigurationPlatforms) = postSolution
		{243EDE03-2CB9-4107-9D1B-4785E8E5CED5}.Debug|Any CPU.ActiveCfg = Debug|Any CPU
		{243EDE03-2CB9-4107-9D1B-4785E8E5CED5}.Debug|Any CPU.Build.0 = Debug|Any CPU
		{243EDE03-2CB9-4107-9D1B-4785E8E5CED5}.Release|Any CPU.ActiveCfg = Release|Any CPU
		{243EDE03-2CB9-4107-9D1B-4785E8E5CED5}.Release|Any CPU.Build.0 = Release|Any CPU
	EndGlobalSection
	GlobalSection(SolutionProperties) = preSolution
		HideSolutionNode = FALSE
	EndGlobalSection
	GlobalSection(ExtensibilityGlobals) = postSolution
		SolutionGuid = {E053C08F-8822-4D94-9BB1-9E40F8A4E5EA}
	EndGlobalSection
EndGlobal
